
Microsoft Visual Studio Solution File, Format Version 12.00
# Visual Studio Version 17
VisualStudioVersion = 17.3.32929.385
MinimumVisualStudioVersion = 10.0.40219.1
Project("{FAE04EC0-301F-11D3-BF4B-00C04F79EFBC}") = "PhotoUploadAPI", "PhotoUploadAPI.csproj", "{75FCA33F-478F-4E14-AA64-B8DCBD8E5A55}"
EndProject
Global
	GlobalSection(SolutionConfigurationPlatforms) = preSolution
		Debug|Any CPU = Debug|Any CPU
		Release|Any CPU = Release|Any CPU
	EndGlobalSection
	GlobalSection(ProjectConfigurationPlatforms) = postSolution
		{75FCA33F-478F-4E14-AA64-B8DCBD8E5A55}.Debug|Any CPU.ActiveCfg = Debug|Any CPU
		{75FCA33F-478F-4E14-AA64-B8DCBD8E5A55}.Debug|Any CPU.Build.0 = Debug|Any CPU
		{75FCA33F-478F-4E14-AA64-B8DCBD8E5A55}.Release|Any CPU.ActiveCfg = Release|Any CPU
		{75FCA33F-478F-4E14-AA64-B8DCBD8E5A55}.Release|Any CPU.Build.0 = Release|Any CPU
	EndGlobalSection
	GlobalSection(SolutionProperties) = preSolution
		HideSolutionNode = FALSE
	EndGlobalSection
	GlobalSection(ExtensibilityGlobals) = postSolution
		SolutionGuid = {079EC471-89A4-4575-AAD5-3A425C080B28}
	EndGlobalSection
EndGlobal
